// !$*UTF8*$!
{
	archiveVersion = 1;
	classes = {
	};
	objectVersion = 56;
	objects = {

/* Begin PBXBuildFile section */
		AD736DE62901D158000B72F9 /* FacenameApp.swift in Sources */ = {isa = PBXBuildFile; fileRef = AD736DE52901D158000B72F9 /* FacenameApp.swift */; };
		AD736DE82901D158000B72F9 /* ContentView.swift in Sources */ = {isa = PBXBuildFile; fileRef = AD736DE72901D158000B72F9 /* ContentView.swift */; };
		AD736DEA2901D159000B72F9 /* Assets.xcassets in Resources */ = {isa = PBXBuildFile; fileRef = AD736DE92901D159000B72F9 /* Assets.xcassets */; };
		AD736DED2901D159000B72F9 /* Preview Assets.xcassets in Resources */ = {isa = PBXBuildFile; fileRef = AD736DEC2901D159000B72F9 /* Preview Assets.xcassets */; };
		AD736DF42901D18B000B72F9 /* Person.swift in Sources */ = {isa = PBXBuildFile; fileRef = AD736DF32901D18B000B72F9 /* Person.swift */; };
		AD736DF62901D382000B72F9 /* PersonFacade.swift in Sources */ = {isa = PBXBuildFile; fileRef = AD736DF52901D382000B72F9 /* PersonFacade.swift */; };
		AD736DF82901DCCA000B72F9 /* PersonDetail.swift in Sources */ = {isa = PBXBuildFile; fileRef = AD736DF72901DCCA000B72F9 /* PersonDetail.swift */; };
		AD736DFA2901DDC2000B72F9 /* PersonEdit.swift in Sources */ = {isa = PBXBuildFile; fileRef = AD736DF92901DDC2000B72F9 /* PersonEdit.swift */; };
		AD736DFC2901EBDA000B72F9 /* PersonController.swift in Sources */ = {isa = PBXBuildFile; fileRef = AD736DFB2901EBDA000B72F9 /* PersonController.swift */; };
		AD736DFE2901F9E1000B72F9 /* FileManager-DocumentDirerctory.swift in Sources */ = {isa = PBXBuildFile; fileRef = AD736DFD2901F9E1000B72F9 /* FileManager-DocumentDirerctory.swift */; };
		AD736E002901FE33000B72F9 /* ImagePicker.swift in Sources */ = {isa = PBXBuildFile; fileRef = AD736DFF2901FE33000B72F9 /* ImagePicker.swift */; };
/* End PBXBuildFile section */

/* Begin PBXFileReference section */
		AD736DE22901D158000B72F9 /* Facename.app */ = {isa = PBXFileReference; explicitFileType = wrapper.application; includeInIndex = 0; path = Facename.app; sourceTree = BUILT_PRODUCTS_DIR; };
		AD736DE52901D158000B72F9 /* FacenameApp.swift */ = {isa = PBXFileReference; lastKnownFileType = sourcecode.swift; path = FacenameApp.swift; sourceTree = "<group>"; };
		AD736DE72901D158000B72F9 /* ContentView.swift */ = {isa = PBXFileReference; lastKnownFileType = sourcecode.swift; path = ContentView.swift; sourceTree = "<group>"; };
		AD736DE92901D159000B72F9 /* Assets.xcassets */ = {isa = PBXFileReference; lastKnownFileType = folder.assetcatalog; path = Assets.xcassets; sourceTree = "<group>"; };
		AD736DEC2901D159000B72F9 /* Preview Assets.xcassets */ = {isa = PBXFileReference; lastKnownFileType = folder.assetcatalog; path = "Preview Assets.xcassets"; sourceTree = "<group>"; };
		AD736DF32901D18B000B72F9 /* Person.swift */ = {isa = PBXFileReference; lastKnownFileType = sourcecode.swift; path = Person.swift; sourceTree = "<group>"; };
		AD736DF52901D382000B72F9 /* PersonFacade.swift */ = {isa = PBXFileReference; lastKnownFileType = sourcecode.swift; path = PersonFacade.swift; sourceTree = "<group>"; };
		AD736DF72901DCCA000B72F9 /* PersonDetail.swift */ = {isa = PBXFileReference; lastKnownFileType = sourcecode.swift; path = PersonDetail.swift; sourceTree = "<group>"; };
		AD736DF92901DDC2000B72F9 /* PersonEdit.swift */ = {isa = PBXFileReference; lastKnownFileType = sourcecode.swift; path = PersonEdit.swift; sourceTree = "<group>"; };
		AD736DFB2901EBDA000B72F9 /* PersonController.swift */ = {isa = PBXFileReference; lastKnownFileType = sourcecode.swift; path = PersonController.swift; sourceTree = "<group>"; };
		AD736DFD2901F9E1000B72F9 /* FileManager-DocumentDirerctory.swift */ = {isa = PBXFileReference; lastKnownFileType = sourcecode.swift; path = "FileManager-DocumentDirerctory.swift"; sourceTree = "<group>"; };
		AD736DFF2901FE33000B72F9 /* ImagePicker.swift */ = {isa = PBXFileReference; lastKnownFileType = sourcecode.swift; path = ImagePicker.swift; sourceTree = "<group>"; };
/* End PBXFileReference section */

/* Begin PBXFrameworksBuildPhase section */
		AD736DDF2901D158000B72F9 /* Frameworks */ = {
			isa = PBXFrameworksBuildPhase;
			buildActionMask = 2147483647;
			files = (
			);
			runOnlyForDeploymentPostprocessing = 0;
		};
/* End PBXFrameworksBuildPhase section */

/* Begin PBXGroup section */
		AD736DD92901D158000B72F9 = {
			isa = PBXGroup;
			children = (
				AD736DE42901D158000B72F9 /* Facename */,
				AD736DE32901D158000B72F9 /* Products */,
			);
			sourceTree = "<group>";
		};
		AD736DE32901D158000B72F9 /* Products */ = {
			isa = PBXGroup;
			children = (
				AD736DE22901D158000B72F9 /* Facename.app */,
			);
			name = Products;
			sourceTree = "<group>";
		};
		AD736DE42901D158000B72F9 /* Facename */ = {
			isa = PBXGroup;
			children = (
				AD736DE52901D158000B72F9 /* FacenameApp.swift */,
				AD736DE72901D158000B72F9 /* ContentView.swift */,
				AD736DF32901D18B000B72F9 /* Person.swift */,
				AD736DFB2901EBDA000B72F9 /* PersonController.swift */,
				AD736DF72901DCCA000B72F9 /* PersonDetail.swift */,
				AD736DF52901D382000B72F9 /* PersonFacade.swift */,
				AD736DF92901DDC2000B72F9 /* PersonEdit.swift */,
				AD736DFD2901F9E1000B72F9 /* FileManager-DocumentDirerctory.swift */,
				AD736DFF2901FE33000B72F9 /* ImagePicker.swift */,
				AD736DE92901D159000B72F9 /* Assets.xcassets */,
				AD736DEB2901D159000B72F9 /* Preview Content */,
			);
			path = Facename;
			sourceTree = "<group>";
		};
		AD736DEB2901D159000B72F9 /* Preview Content */ = {
			isa = PBXGroup;
			children = (
				AD736DEC2901D159000B72F9 /* Preview Assets.xcassets */,
			);
			path = "Preview Content";
			sourceTree = "<group>";
		};
/* End PBXGroup section */

/* Begin PBXNativeTarget section */
		AD736DE12901D158000B72F9 /* Facename */ = {
			isa = PBXNativeTarget;
			buildConfigurationList = AD736DF02901D159000B72F9 /* Build configuration list for PBXNativeTarget "Facename" */;
			buildPhases = (
				AD736DDE2901D158000B72F9 /* Sources */,
				AD736DDF2901D158000B72F9 /* Frameworks */,
				AD736DE02901D158000B72F9 /* Resources */,
			);
			buildRules = (
			);
			dependencies = (
			);
			name = Facename;
			productName = Facename;
			productReference = AD736DE22901D158000B72F9 /* Facename.app */;
			productType = "com.apple.product-type.application";
		};
/* End PBXNativeTarget section */

/* Begin PBXProject section */
		AD736DDA2901D158000B72F9 /* Project object */ = {
			isa = PBXProject;
			attributes = {
				BuildIndependentTargetsInParallel = 1;
				LastSwiftUpdateCheck = 1400;
				LastUpgradeCheck = 1400;
				TargetAttributes = {
					AD736DE12901D158000B72F9 = {
						CreatedOnToolsVersion = 14.0.1;
					};
				};
			};
			buildConfigurationList = AD736DDD2901D158000B72F9 /* Build configuration list for PBXProject "Facename" */;
			compatibilityVersion = "Xcode 14.0";
			developmentRegion = en;
			hasScannedForEncodings = 0;
			knownRegions = (
				en,
				Base,
			);
			mainGroup = AD736DD92901D158000B72F9;
			productRefGroup = AD736DE32901D158000B72F9 /* Products */;
			projectDirPath = "";
			projectRoot = "";
			targets = (
				AD736DE12901D158000B72F9 /* Facename */,
			);
		};
/* End PBXProject section */

/* Begin PBXResourcesBuildPhase section */
		AD736DE02901D158000B72F9 /* Resources */ = {
			isa = PBXResourcesBuildPhase;
			buildActionMask = 2147483647;
			files = (
				AD736DED2901D159000B72F9 /* Preview Assets.xcassets in Resources */,
				AD736DEA2901D159000B72F9 /* Assets.xcassets in Resources */,
			);
			runOnlyForDeploymentPostprocessing = 0;
		};
/* End PBXResourcesBuildPhase section */

/* Begin PBXSourcesBuildPhase section */
		AD736DDE2901D158000B72F9 /* Sources */ = {
			isa = PBXSourcesBuildPhase;
			buildActionMask = 2147483647;
			files = (
				AD736DF62901D382000B72F9 /* PersonFacade.swift in Sources */,
				AD736DF42901D18B000B72F9 /* Person.swift in Sources */,
				AD736DFA2901DDC2000B72F9 /* PersonEdit.swift in Sources */,
				AD736E002901FE33000B72F9 /* ImagePicker.swift in Sources */,
				AD736DE82901D158000B72F9 /* ContentView.swift in Sources */,
				AD736DF82901DCCA000B72F9 /* PersonDetail.swift in Sources */,
				AD736DFE2901F9E1000B72F9 /* FileManager-DocumentDirerctory.swift in Sources */,
				AD736DFC2901EBDA000B72F9 /* PersonController.swift in Sources */,
				AD736DE62901D158000B72F9 /* FacenameApp.swift in Sources */,
			);
			runOnlyForDeploymentPostprocessing = 0;
		};
/* End PBXSourcesBuildPhase section */

/* Begin XCBuildConfiguration section */
		AD736DEE2901D159000B72F9 /* Debug */ = {
			isa = XCBuildConfiguration;
			buildSettings = {
				ALWAYS_SEARCH_USER_PATHS = NO;
				CLANG_ANALYZER_NONNULL = YES;
				CLANG_ANALYZER_NUMBER_OBJECT_CONVERSION = YES_AGGRESSIVE;
				CLANG_CXX_LANGUAGE_STANDARD = "gnu++20";
				CLANG_ENABLE_MODULES = YES;
				CLANG_ENABLE_OBJC_ARC = YES;
				CLANG_ENABLE_OBJC_WEAK = YES;
				CLANG_WARN_BLOCK_CAPTURE_AUTORELEASING = YES;
				CLANG_WARN_BOOL_CONVERSION = YES;
				CLANG_WARN_COMMA = YES;
				CLANG_WARN_CONSTANT_CONVERSION = YES;
				CLANG_WARN_DEPRECATED_OBJC_IMPLEMENTATIONS = YES;
				CLANG_WARN_DIRECT_OBJC_ISA_USAGE = YES_ERROR;
				CLANG_WARN_DOCUMENTATION_COMMENTS = YES;
				CLANG_WARN_EMPTY_BODY = YES;
				CLANG_WARN_ENUM_CONVERSION = YES;
				CLANG_WARN_INFINITE_RECURSION = YES;
				CLANG_WARN_INT_CONVERSION = YES;
				CLANG_WARN_NON_LITERAL_NULL_CONVERSION = YES;
				CLANG_WARN_OBJC_IMPLICIT_RETAIN_SELF = YES;
				CLANG_WARN_OBJC_LITERAL_CONVERSION = YES;
				CLANG_WARN_OBJC_ROOT_CLASS = YES_ERROR;
				CLANG_WARN_QUOTED_INCLUDE_IN_FRAMEWORK_HEADER = YES;
				CLANG_WARN_RANGE_LOOP_ANALYSIS = YES;
				CLANG_WARN_STRICT_PROTOTYPES = YES;
				CLANG_WARN_SUSPICIOUS_MOVE = YES;
				CLANG_WARN_UNGUARDED_AVAILABILITY = YES_AGGRESSIVE;
				CLANG_WARN_UNREACHABLE_CODE = YES;
				CLANG_WARN__DUPLICATE_METHOD_MATCH = YES;
				COPY_PHASE_STRIP = NO;
				DEBUG_INFORMATION_FORMAT = dwarf;
				ENABLE_STRICT_OBJC_MSGSEND = YES;
				ENABLE_TESTABILITY = YES;
				GCC_C_LANGUAGE_STANDARD = gnu11;
				GCC_DYNAMIC_NO_PIC = NO;
				GCC_NO_COMMON_BLOCKS = YES;
				GCC_OPTIMIZATION_LEVEL = 0;
				GCC_PREPROCESSOR_DEFINITIONS = (
					"DEBUG=1",
					"$(inherited)",
				);
				GCC_WARN_64_TO_32_BIT_CONVERSION = YES;
				GCC_WARN_ABOUT_RETURN_TYPE = YES_ERROR;
				GCC_WARN_UNDECLARED_SELECTOR = YES;
				GCC_WARN_UNINITIALIZED_AUTOS = YES_AGGRESSIVE;
				GCC_WARN_UNUSED_FUNCTION = YES;
				GCC_WARN_UNUSED_VARIABLE = YES;
				IPHONEOS_DEPLOYMENT_TARGET = 16.0;
				MTL_ENABLE_DEBUG_INFO = INCLUDE_SOURCE;
				MTL_FAST_MATH = YES;
				ONLY_ACTIVE_ARCH = YES;
				SDKROOT = iphoneos;
				SWIFT_ACTIVE_COMPILATION_CONDITIONS = DEBUG;
				SWIFT_OPTIMIZATION_LEVEL = "-Onone";
			};
			name = Debug;
		};
		AD736DEF2901D159000B72F9 /* Release */ = {
			isa = XCBuildConfiguration;
			buildSettings = {
				ALWAYS_SEARCH_USER_PATHS = NO;
				CLANG_ANALYZER_NONNULL = YES;
				CLANG_ANALYZER_NUMBER_OBJECT_CONVERSION = YES_AGGRESSIVE;
				CLANG_CXX_LANGUAGE_STANDARD = "gnu++20";
				CLANG_ENABLE_MODULES = YES;
				CLANG_ENABLE_OBJC_ARC = YES;
				CLANG_ENABLE_OBJC_WEAK = YES;
				CLANG_WARN_BLOCK_CAPTURE_AUTORELEASING = YES;
				CLANG_WARN_BOOL_CONVERSION = YES;
				CLANG_WARN_COMMA = YES;
				CLANG_WARN_CONSTANT_CONVERSION = YES;
				CLANG_WARN_DEPRECATED_OBJC_IMPLEMENTATIONS = YES;
				CLANG_WARN_DIRECT_OBJC_ISA_USAGE = YES_ERROR;
				CLANG_WARN_DOCUMENTATION_COMMENTS = YES;
				CLANG_WARN_EMPTY_BODY = YES;
				CLANG_WARN_ENUM_CONVERSION = YES;
				CLANG_WARN_INFINITE_RECURSION = YES;
				CLANG_WARN_INT_CONVERSION = YES;
				CLANG_WARN_NON_LITERAL_NULL_CONVERSION = YES;
				CLANG_WARN_OBJC_IMPLICIT_RETAIN_SELF = YES;
				CLANG_WARN_OBJC_LITERAL_CONVERSION = YES;
				CLANG_WARN_OBJC_ROOT_CLASS = YES_ERROR;
				CLANG_WARN_QUOTED_INCLUDE_IN_FRAMEWORK_HEADER = YES;
				CLANG_WARN_RANGE_LOOP_ANALYSIS = YES;
				CLANG_WARN_STRICT_PROTOTYPES = YES;
				CLANG_WARN_SUSPICIOUS_MOVE = YES;
				CLANG_WARN_UNGUARDED_AVAILABILITY = YES_AGGRESSIVE;
				CLANG_WARN_UNREACHABLE_CODE = YES;
				CLANG_WARN__DUPLICATE_METHOD_MATCH = YES;
				COPY_PHASE_STRIP = NO;
				DEBUG_INFORMATION_FORMAT = "dwarf-with-dsym";
				ENABLE_NS_ASSERTIONS = NO;
				ENABLE_STRICT_OBJC_MSGSEND = YES;
				GCC_C_LANGUAGE_STANDARD = gnu11;
				GCC_NO_COMMON_BLOCKS = YES;
				GCC_WARN_64_TO_32_BIT_CONVERSION = YES;
				GCC_WARN_ABOUT_RETURN_TYPE = YES_ERROR;
				GCC_WARN_UNDECLARED_SELECTOR = YES;
				GCC_WARN_UNINITIALIZED_AUTOS = YES_AGGRESSIVE;
				GCC_WARN_UNUSED_FUNCTION = YES;
				GCC_WARN_UNUSED_VARIABLE = YES;
				IPHONEOS_DEPLOYMENT_TARGET = 16.0;
				MTL_ENABLE_DEBUG_INFO = NO;
				MTL_FAST_MATH = YES;
				SDKROOT = iphoneos;
				SWIFT_COMPILATION_MODE = wholemodule;
				SWIFT_OPTIMIZATION_LEVEL = "-O";
				VALIDATE_PRODUCT = YES;
			};
			name = Release;
		};
		AD736DF12901D159000B72F9 /* Debug */ = {
			isa = XCBuildConfiguration;
			buildSettings = {
				ASSETCATALOG_COMPILER_APPICON_NAME = AppIcon;
				ASSETCATALOG_COMPILER_GLOBAL_ACCENT_COLOR_NAME = AccentColor;
				CODE_SIGN_STYLE = Automatic;
				CURRENT_PROJECT_VERSION = 1;
				DEVELOPMENT_ASSET_PATHS = "\"Facename/Preview Content\"";
				DEVELOPMENT_TEAM = S85L3BQN65;
				ENABLE_PREVIEWS = YES;
				GENERATE_INFOPLIST_FILE = YES;
				INFOPLIST_KEY_UIApplicationSceneManifest_Generation = YES;
				INFOPLIST_KEY_UIApplicationSupportsIndirectInputEvents = YES;
				INFOPLIST_KEY_UILaunchScreen_Generation = YES;
				INFOPLIST_KEY_UISupportedInterfaceOrientations_iPad = "UIInterfaceOrientationPortrait UIInterfaceOrientationPortraitUpsideDown UIInterfaceOrientationLandscapeLeft UIInterfaceOrientationLandscapeRight";
				INFOPLIST_KEY_UISupportedInterfaceOrientations_iPhone = "UIInterfaceOrientationPortrait UIInterfaceOrientationLandscapeLeft UIInterfaceOrientationLandscapeRight";
				LD_RUNPATH_SEARCH_PATHS = (
					"$(inherited)",
					"@executable_path/Frameworks",
				);
				MARKETING_VERSION = 1.0;
				PRODUCT_BUNDLE_IDENTIFIER = dev.radicheski.Facename;
				PRODUCT_NAME = "$(TARGET_NAME)";
				SWIFT_EMIT_LOC_STRINGS = YES;
				SWIFT_VERSION = 5.0;
				TARGETED_DEVICE_FAMILY = "1,2";
			};
			name = Debug;
		};
		AD736DF22901D159000B72F9 /* Release */ = {
			isa = XCBuildConfiguration;
			buildSettings = {
				ASSETCATALOG_COMPILER_APPICON_NAME = AppIcon;
				ASSETCATALOG_COMPILER_GLOBAL_ACCENT_COLOR_NAME = AccentColor;
				CODE_SIGN_STYLE = Automatic;
				CURRENT_PROJECT_VERSION = 1;
				DEVELOPMENT_ASSET_PATHS = "\"Facename/Preview Content\"";
				DEVELOPMENT_TEAM = S85L3BQN65;
				ENABLE_PREVIEWS = YES;
				GENERATE_INFOPLIST_FILE = YES;
				INFOPLIST_KEY_UIApplicationSceneManifest_Generation = YES;
				INFOPLIST_KEY_UIApplicationSupportsIndirectInputEvents = YES;
				INFOPLIST_KEY_UILaunchScreen_Generation = YES;
				INFOPLIST_KEY_UISupportedInterfaceOrientations_iPad = "UIInterfaceOrientationPortrait UIInterfaceOrientationPortraitUpsideDown UIInterfaceOrientationLandscapeLeft UIInterfaceOrientationLandscapeRight";
				INFOPLIST_KEY_UISupportedInterfaceOrientations_iPhone = "UIInterfaceOrientationPortrait UIInterfaceOrientationLandscapeLeft UIInterfaceOrientationLandscapeRight";
				LD_RUNPATH_SEARCH_PATHS = (
					"$(inherited)",
					"@executable_path/Frameworks",
				);
				MARKETING_VERSION = 1.0;
				PRODUCT_BUNDLE_IDENTIFIER = dev.radicheski.Facename;
				PRODUCT_NAME = "$(TARGET_NAME)";
				SWIFT_EMIT_LOC_STRINGS = YES;
				SWIFT_VERSION = 5.0;
				TARGETED_DEVICE_FAMILY = "1,2";
			};
			name = Release;
		};
/* End XCBuildConfiguration section */

/* Begin XCConfigurationList section */
		AD736DDD2901D158000B72F9 /* Build configuration list for PBXProject "Facename" */ = {
			isa = XCConfigurationList;
			buildConfigurations = (
				AD736DEE2901D159000B72F9 /* Debug */,
				AD736DEF2901D159000B72F9 /* Release */,
			);
			defaultConfigurationIsVisible = 0;
			defaultConfigurationName = Release;
		};
		AD736DF02901D159000B72F9 /* Build configuration list for PBXNativeTarget "Facename" */ = {
			isa = XCConfigurationList;
			buildConfigurations = (
				AD736DF12901D159000B72F9 /* Debug */,
				AD736DF22901D159000B72F9 /* Release */,
			);
			defaultConfigurationIsVisible = 0;
			defaultConfigurationName = Release;
		};
/* End XCConfigurationList section */
	};
	rootObject = AD736DDA2901D158000B72F9 /* Project object */;
}
