// !$*UTF8*$!
{
	archiveVersion = 1;
	classes = {
	};
	objectVersion = 56;
	objects = {

/* Begin PBXBuildFile section */
		AD6DF09028FC869100257083 /* FriendfaceApp.swift in Sources */ = {isa = PBXBuildFile; fileRef = AD6DF08F28FC869100257083 /* FriendfaceApp.swift */; };
		AD6DF09228FC869100257083 /* ContentView.swift in Sources */ = {isa = PBXBuildFile; fileRef = AD6DF09128FC869100257083 /* ContentView.swift */; };
		AD6DF09428FC869200257083 /* Assets.xcassets in Resources */ = {isa = PBXBuildFile; fileRef = AD6DF09328FC869200257083 /* Assets.xcassets */; };
		AD6DF09728FC869200257083 /* Preview Assets.xcassets in Resources */ = {isa = PBXBuildFile; fileRef = AD6DF09628FC869200257083 /* Preview Assets.xcassets */; };
		AD6DF0A028FC874600257083 /* User.swift in Sources */ = {isa = PBXBuildFile; fileRef = AD6DF09F28FC874600257083 /* User.swift */; };
		AD6DF0A228FC8A6800257083 /* UserView.swift in Sources */ = {isa = PBXBuildFile; fileRef = AD6DF0A128FC8A6800257083 /* UserView.swift */; };
		AD6DF0A428FC91B100257083 /* UserDetail.swift in Sources */ = {isa = PBXBuildFile; fileRef = AD6DF0A328FC91B100257083 /* UserDetail.swift */; };
		AD6DF0A628FC945900257083 /* UserDetailItem.swift in Sources */ = {isa = PBXBuildFile; fileRef = AD6DF0A528FC945900257083 /* UserDetailItem.swift */; };
		AD6DF0A828FC947400257083 /* Network.swift in Sources */ = {isa = PBXBuildFile; fileRef = AD6DF0A728FC947400257083 /* Network.swift */; };
		AD6DF0AA28FC948700257083 /* Friend.swift in Sources */ = {isa = PBXBuildFile; fileRef = AD6DF0A928FC948700257083 /* Friend.swift */; };
/* End PBXBuildFile section */

/* Begin PBXFileReference section */
		AD6DF08C28FC869100257083 /* Friendface.app */ = {isa = PBXFileReference; explicitFileType = wrapper.application; includeInIndex = 0; path = Friendface.app; sourceTree = BUILT_PRODUCTS_DIR; };
		AD6DF08F28FC869100257083 /* FriendfaceApp.swift */ = {isa = PBXFileReference; lastKnownFileType = sourcecode.swift; path = FriendfaceApp.swift; sourceTree = "<group>"; };
		AD6DF09128FC869100257083 /* ContentView.swift */ = {isa = PBXFileReference; lastKnownFileType = sourcecode.swift; path = ContentView.swift; sourceTree = "<group>"; };
		AD6DF09328FC869200257083 /* Assets.xcassets */ = {isa = PBXFileReference; lastKnownFileType = folder.assetcatalog; path = Assets.xcassets; sourceTree = "<group>"; };
		AD6DF09628FC869200257083 /* Preview Assets.xcassets */ = {isa = PBXFileReference; lastKnownFileType = folder.assetcatalog; path = "Preview Assets.xcassets"; sourceTree = "<group>"; };
		AD6DF09F28FC874600257083 /* User.swift */ = {isa = PBXFileReference; lastKnownFileType = sourcecode.swift; path = User.swift; sourceTree = "<group>"; };
		AD6DF0A128FC8A6800257083 /* UserView.swift */ = {isa = PBXFileReference; lastKnownFileType = sourcecode.swift; path = UserView.swift; sourceTree = "<group>"; };
		AD6DF0A328FC91B100257083 /* UserDetail.swift */ = {isa = PBXFileReference; lastKnownFileType = sourcecode.swift; path = UserDetail.swift; sourceTree = "<group>"; };
		AD6DF0A528FC945900257083 /* UserDetailItem.swift */ = {isa = PBXFileReference; lastKnownFileType = sourcecode.swift; path = UserDetailItem.swift; sourceTree = "<group>"; };
		AD6DF0A728FC947400257083 /* Network.swift */ = {isa = PBXFileReference; lastKnownFileType = sourcecode.swift; path = Network.swift; sourceTree = "<group>"; };
		AD6DF0A928FC948700257083 /* Friend.swift */ = {isa = PBXFileReference; lastKnownFileType = sourcecode.swift; path = Friend.swift; sourceTree = "<group>"; };
/* End PBXFileReference section */

/* Begin PBXFrameworksBuildPhase section */
		AD6DF08928FC869100257083 /* Frameworks */ = {
			isa = PBXFrameworksBuildPhase;
			buildActionMask = 2147483647;
			files = (
			);
			runOnlyForDeploymentPostprocessing = 0;
		};
/* End PBXFrameworksBuildPhase section */

/* Begin PBXGroup section */
		AD6DF08328FC869100257083 = {
			isa = PBXGroup;
			children = (
				AD6DF08E28FC869100257083 /* Friendface */,
				AD6DF08D28FC869100257083 /* Products */,
			);
			sourceTree = "<group>";
		};
		AD6DF08D28FC869100257083 /* Products */ = {
			isa = PBXGroup;
			children = (
				AD6DF08C28FC869100257083 /* Friendface.app */,
			);
			name = Products;
			sourceTree = "<group>";
		};
		AD6DF08E28FC869100257083 /* Friendface */ = {
			isa = PBXGroup;
			children = (
				AD6DF08F28FC869100257083 /* FriendfaceApp.swift */,
				AD6DF09128FC869100257083 /* ContentView.swift */,
				AD6DF09F28FC874600257083 /* User.swift */,
				AD6DF0A928FC948700257083 /* Friend.swift */,
				AD6DF0A128FC8A6800257083 /* UserView.swift */,
				AD6DF0A328FC91B100257083 /* UserDetail.swift */,
				AD6DF0A528FC945900257083 /* UserDetailItem.swift */,
				AD6DF0A728FC947400257083 /* Network.swift */,
				AD6DF09328FC869200257083 /* Assets.xcassets */,
				AD6DF09528FC869200257083 /* Preview Content */,
			);
			path = Friendface;
			sourceTree = "<group>";
		};
		AD6DF09528FC869200257083 /* Preview Content */ = {
			isa = PBXGroup;
			children = (
				AD6DF09628FC869200257083 /* Preview Assets.xcassets */,
			);
			path = "Preview Content";
			sourceTree = "<group>";
		};
/* End PBXGroup section */

/* Begin PBXNativeTarget section */
		AD6DF08B28FC869100257083 /* Friendface */ = {
			isa = PBXNativeTarget;
			buildConfigurationList = AD6DF09A28FC869200257083 /* Build configuration list for PBXNativeTarget "Friendface" */;
			buildPhases = (
				AD6DF08828FC869100257083 /* Sources */,
				AD6DF08928FC869100257083 /* Frameworks */,
				AD6DF08A28FC869100257083 /* Resources */,
			);
			buildRules = (
			);
			dependencies = (
			);
			name = Friendface;
			productName = Friendface;
			productReference = AD6DF08C28FC869100257083 /* Friendface.app */;
			productType = "com.apple.product-type.application";
		};
/* End PBXNativeTarget section */

/* Begin PBXProject section */
		AD6DF08428FC869100257083 /* Project object */ = {
			isa = PBXProject;
			attributes = {
				BuildIndependentTargetsInParallel = 1;
				LastSwiftUpdateCheck = 1400;
				LastUpgradeCheck = 1400;
				TargetAttributes = {
					AD6DF08B28FC869100257083 = {
						CreatedOnToolsVersion = 14.0.1;
					};
				};
			};
			buildConfigurationList = AD6DF08728FC869100257083 /* Build configuration list for PBXProject "Friendface" */;
			compatibilityVersion = "Xcode 14.0";
			developmentRegion = en;
			hasScannedForEncodings = 0;
			knownRegions = (
				en,
				Base,
			);
			mainGroup = AD6DF08328FC869100257083;
			productRefGroup = AD6DF08D28FC869100257083 /* Products */;
			projectDirPath = "";
			projectRoot = "";
			targets = (
				AD6DF08B28FC869100257083 /* Friendface */,
			);
		};
/* End PBXProject section */

/* Begin PBXResourcesBuildPhase section */
		AD6DF08A28FC869100257083 /* Resources */ = {
			isa = PBXResourcesBuildPhase;
			buildActionMask = 2147483647;
			files = (
				AD6DF09728FC869200257083 /* Preview Assets.xcassets in Resources */,
				AD6DF09428FC869200257083 /* Assets.xcassets in Resources */,
			);
			runOnlyForDeploymentPostprocessing = 0;
		};
/* End PBXResourcesBuildPhase section */

/* Begin PBXSourcesBuildPhase section */
		AD6DF08828FC869100257083 /* Sources */ = {
			isa = PBXSourcesBuildPhase;
			buildActionMask = 2147483647;
			files = (
				AD6DF0A628FC945900257083 /* UserDetailItem.swift in Sources */,
				AD6DF0AA28FC948700257083 /* Friend.swift in Sources */,
				AD6DF09228FC869100257083 /* ContentView.swift in Sources */,
				AD6DF09028FC869100257083 /* FriendfaceApp.swift in Sources */,
				AD6DF0A028FC874600257083 /* User.swift in Sources */,
				AD6DF0A428FC91B100257083 /* UserDetail.swift in Sources */,
				AD6DF0A828FC947400257083 /* Network.swift in Sources */,
				AD6DF0A228FC8A6800257083 /* UserView.swift in Sources */,
			);
			runOnlyForDeploymentPostprocessing = 0;
		};
/* End PBXSourcesBuildPhase section */

/* Begin XCBuildConfiguration section */
		AD6DF09828FC869200257083 /* Debug */ = {
			isa = XCBuildConfiguration;
			buildSettings = {
				ALWAYS_SEARCH_USER_PATHS = NO;
				CLANG_ANALYZER_NONNULL = YES;
				CLANG_ANALYZER_NUMBER_OBJECT_CONVERSION = YES_AGGRESSIVE;
				CLANG_CXX_LANGUAGE_STANDARD = "gnu++20";
				CLANG_ENABLE_MODULES = YES;
				CLANG_ENABLE_OBJC_ARC = YES;
				CLANG_ENABLE_OBJC_WEAK = YES;
				CLANG_WARN_BLOCK_CAPTURE_AUTORELEASING = YES;
				CLANG_WARN_BOOL_CONVERSION = YES;
				CLANG_WARN_COMMA = YES;
				CLANG_WARN_CONSTANT_CONVERSION = YES;
				CLANG_WARN_DEPRECATED_OBJC_IMPLEMENTATIONS = YES;
				CLANG_WARN_DIRECT_OBJC_ISA_USAGE = YES_ERROR;
				CLANG_WARN_DOCUMENTATION_COMMENTS = YES;
				CLANG_WARN_EMPTY_BODY = YES;
				CLANG_WARN_ENUM_CONVERSION = YES;
				CLANG_WARN_INFINITE_RECURSION = YES;
				CLANG_WARN_INT_CONVERSION = YES;
				CLANG_WARN_NON_LITERAL_NULL_CONVERSION = YES;
				CLANG_WARN_OBJC_IMPLICIT_RETAIN_SELF = YES;
				CLANG_WARN_OBJC_LITERAL_CONVERSION = YES;
				CLANG_WARN_OBJC_ROOT_CLASS = YES_ERROR;
				CLANG_WARN_QUOTED_INCLUDE_IN_FRAMEWORK_HEADER = YES;
				CLANG_WARN_RANGE_LOOP_ANALYSIS = YES;
				CLANG_WARN_STRICT_PROTOTYPES = YES;
				CLANG_WARN_SUSPICIOUS_MOVE = YES;
				CLANG_WARN_UNGUARDED_AVAILABILITY = YES_AGGRESSIVE;
				CLANG_WARN_UNREACHABLE_CODE = YES;
				CLANG_WARN__DUPLICATE_METHOD_MATCH = YES;
				COPY_PHASE_STRIP = NO;
				DEBUG_INFORMATION_FORMAT = dwarf;
				ENABLE_STRICT_OBJC_MSGSEND = YES;
				ENABLE_TESTABILITY = YES;
				GCC_C_LANGUAGE_STANDARD = gnu11;
				GCC_DYNAMIC_NO_PIC = NO;
				GCC_NO_COMMON_BLOCKS = YES;
				GCC_OPTIMIZATION_LEVEL = 0;
				GCC_PREPROCESSOR_DEFINITIONS = (
					"DEBUG=1",
					"$(inherited)",
				);
				GCC_WARN_64_TO_32_BIT_CONVERSION = YES;
				GCC_WARN_ABOUT_RETURN_TYPE = YES_ERROR;
				GCC_WARN_UNDECLARED_SELECTOR = YES;
				GCC_WARN_UNINITIALIZED_AUTOS = YES_AGGRESSIVE;
				GCC_WARN_UNUSED_FUNCTION = YES;
				GCC_WARN_UNUSED_VARIABLE = YES;
				IPHONEOS_DEPLOYMENT_TARGET = 16.0;
				MTL_ENABLE_DEBUG_INFO = INCLUDE_SOURCE;
				MTL_FAST_MATH = YES;
				ONLY_ACTIVE_ARCH = YES;
				SDKROOT = iphoneos;
				SWIFT_ACTIVE_COMPILATION_CONDITIONS = DEBUG;
				SWIFT_OPTIMIZATION_LEVEL = "-Onone";
			};
			name = Debug;
		};
		AD6DF09928FC869200257083 /* Release */ = {
			isa = XCBuildConfiguration;
			buildSettings = {
				ALWAYS_SEARCH_USER_PATHS = NO;
				CLANG_ANALYZER_NONNULL = YES;
				CLANG_ANALYZER_NUMBER_OBJECT_CONVERSION = YES_AGGRESSIVE;
				CLANG_CXX_LANGUAGE_STANDARD = "gnu++20";
				CLANG_ENABLE_MODULES = YES;
				CLANG_ENABLE_OBJC_ARC = YES;
				CLANG_ENABLE_OBJC_WEAK = YES;
				CLANG_WARN_BLOCK_CAPTURE_AUTORELEASING = YES;
				CLANG_WARN_BOOL_CONVERSION = YES;
				CLANG_WARN_COMMA = YES;
				CLANG_WARN_CONSTANT_CONVERSION = YES;
				CLANG_WARN_DEPRECATED_OBJC_IMPLEMENTATIONS = YES;
				CLANG_WARN_DIRECT_OBJC_ISA_USAGE = YES_ERROR;
				CLANG_WARN_DOCUMENTATION_COMMENTS = YES;
				CLANG_WARN_EMPTY_BODY = YES;
				CLANG_WARN_ENUM_CONVERSION = YES;
				CLANG_WARN_INFINITE_RECURSION = YES;
				CLANG_WARN_INT_CONVERSION = YES;
				CLANG_WARN_NON_LITERAL_NULL_CONVERSION = YES;
				CLANG_WARN_OBJC_IMPLICIT_RETAIN_SELF = YES;
				CLANG_WARN_OBJC_LITERAL_CONVERSION = YES;
				CLANG_WARN_OBJC_ROOT_CLASS = YES_ERROR;
				CLANG_WARN_QUOTED_INCLUDE_IN_FRAMEWORK_HEADER = YES;
				CLANG_WARN_RANGE_LOOP_ANALYSIS = YES;
				CLANG_WARN_STRICT_PROTOTYPES = YES;
				CLANG_WARN_SUSPICIOUS_MOVE = YES;
				CLANG_WARN_UNGUARDED_AVAILABILITY = YES_AGGRESSIVE;
				CLANG_WARN_UNREACHABLE_CODE = YES;
				CLANG_WARN__DUPLICATE_METHOD_MATCH = YES;
				COPY_PHASE_STRIP = NO;
				DEBUG_INFORMATION_FORMAT = "dwarf-with-dsym";
				ENABLE_NS_ASSERTIONS = NO;
				ENABLE_STRICT_OBJC_MSGSEND = YES;
				GCC_C_LANGUAGE_STANDARD = gnu11;
				GCC_NO_COMMON_BLOCKS = YES;
				GCC_WARN_64_TO_32_BIT_CONVERSION = YES;
				GCC_WARN_ABOUT_RETURN_TYPE = YES_ERROR;
				GCC_WARN_UNDECLARED_SELECTOR = YES;
				GCC_WARN_UNINITIALIZED_AUTOS = YES_AGGRESSIVE;
				GCC_WARN_UNUSED_FUNCTION = YES;
				GCC_WARN_UNUSED_VARIABLE = YES;
				IPHONEOS_DEPLOYMENT_TARGET = 16.0;
				MTL_ENABLE_DEBUG_INFO = NO;
				MTL_FAST_MATH = YES;
				SDKROOT = iphoneos;
				SWIFT_COMPILATION_MODE = wholemodule;
				SWIFT_OPTIMIZATION_LEVEL = "-O";
				VALIDATE_PRODUCT = YES;
			};
			name = Release;
		};
		AD6DF09B28FC869200257083 /* Debug */ = {
			isa = XCBuildConfiguration;
			buildSettings = {
				ASSETCATALOG_COMPILER_APPICON_NAME = AppIcon;
				ASSETCATALOG_COMPILER_GLOBAL_ACCENT_COLOR_NAME = AccentColor;
				CODE_SIGN_STYLE = Automatic;
				CURRENT_PROJECT_VERSION = 1;
				DEVELOPMENT_ASSET_PATHS = "\"Friendface/Preview Content\"";
				DEVELOPMENT_TEAM = S85L3BQN65;
				ENABLE_PREVIEWS = YES;
				GENERATE_INFOPLIST_FILE = YES;
				INFOPLIST_KEY_UIApplicationSceneManifest_Generation = YES;
				INFOPLIST_KEY_UIApplicationSupportsIndirectInputEvents = YES;
				INFOPLIST_KEY_UILaunchScreen_Generation = YES;
				INFOPLIST_KEY_UISupportedInterfaceOrientations_iPad = "UIInterfaceOrientationPortrait UIInterfaceOrientationPortraitUpsideDown UIInterfaceOrientationLandscapeLeft UIInterfaceOrientationLandscapeRight";
				INFOPLIST_KEY_UISupportedInterfaceOrientations_iPhone = "UIInterfaceOrientationPortrait UIInterfaceOrientationLandscapeLeft UIInterfaceOrientationLandscapeRight";
				LD_RUNPATH_SEARCH_PATHS = (
					"$(inherited)",
					"@executable_path/Frameworks",
				);
				MARKETING_VERSION = 1.0;
				PRODUCT_BUNDLE_IDENTIFIER = dev.radicheski.Friendface;
				PRODUCT_NAME = "$(TARGET_NAME)";
				SWIFT_EMIT_LOC_STRINGS = YES;
				SWIFT_VERSION = 5.0;
				TARGETED_DEVICE_FAMILY = "1,2";
			};
			name = Debug;
		};
		AD6DF09C28FC869200257083 /* Release */ = {
			isa = XCBuildConfiguration;
			buildSettings = {
				ASSETCATALOG_COMPILER_APPICON_NAME = AppIcon;
				ASSETCATALOG_COMPILER_GLOBAL_ACCENT_COLOR_NAME = AccentColor;
				CODE_SIGN_STYLE = Automatic;
				CURRENT_PROJECT_VERSION = 1;
				DEVELOPMENT_ASSET_PATHS = "\"Friendface/Preview Content\"";
				DEVELOPMENT_TEAM = S85L3BQN65;
				ENABLE_PREVIEWS = YES;
				GENERATE_INFOPLIST_FILE = YES;
				INFOPLIST_KEY_UIApplicationSceneManifest_Generation = YES;
				INFOPLIST_KEY_UIApplicationSupportsIndirectInputEvents = YES;
				INFOPLIST_KEY_UILaunchScreen_Generation = YES;
				INFOPLIST_KEY_UISupportedInterfaceOrientations_iPad = "UIInterfaceOrientationPortrait UIInterfaceOrientationPortraitUpsideDown UIInterfaceOrientationLandscapeLeft UIInterfaceOrientationLandscapeRight";
				INFOPLIST_KEY_UISupportedInterfaceOrientations_iPhone = "UIInterfaceOrientationPortrait UIInterfaceOrientationLandscapeLeft UIInterfaceOrientationLandscapeRight";
				LD_RUNPATH_SEARCH_PATHS = (
					"$(inherited)",
					"@executable_path/Frameworks",
				);
				MARKETING_VERSION = 1.0;
				PRODUCT_BUNDLE_IDENTIFIER = dev.radicheski.Friendface;
				PRODUCT_NAME = "$(TARGET_NAME)";
				SWIFT_EMIT_LOC_STRINGS = YES;
				SWIFT_VERSION = 5.0;
				TARGETED_DEVICE_FAMILY = "1,2";
			};
			name = Release;
		};
/* End XCBuildConfiguration section */

/* Begin XCConfigurationList section */
		AD6DF08728FC869100257083 /* Build configuration list for PBXProject "Friendface" */ = {
			isa = XCConfigurationList;
			buildConfigurations = (
				AD6DF09828FC869200257083 /* Debug */,
				AD6DF09928FC869200257083 /* Release */,
			);
			defaultConfigurationIsVisible = 0;
			defaultConfigurationName = Release;
		};
		AD6DF09A28FC869200257083 /* Build configuration list for PBXNativeTarget "Friendface" */ = {
			isa = XCConfigurationList;
			buildConfigurations = (
				AD6DF09B28FC869200257083 /* Debug */,
				AD6DF09C28FC869200257083 /* Release */,
			);
			defaultConfigurationIsVisible = 0;
			defaultConfigurationName = Release;
		};
/* End XCConfigurationList section */
	};
	rootObject = AD6DF08428FC869100257083 /* Project object */;
}
